// !$*UTF8*$!
{
	archiveVersion = 1;
	classes = {
	};
	objectVersion = 55;
	objects = {

/* Begin PBXBuildFile section */
		9C14A8783CE201722FBD50BF /* Pods_RickAndMortyAPI.framework in Frameworks */ = {isa = PBXBuildFile; fileRef = 93C036F3E6EE2D2083588AB7 /* Pods_RickAndMortyAPI.framework */; };
		F915279B28AA2DE200B92788 /* AppDelegate.swift in Sources */ = {isa = PBXBuildFile; fileRef = F915279A28AA2DE200B92788 /* AppDelegate.swift */; };
		F915279D28AA2DE200B92788 /* SceneDelegate.swift in Sources */ = {isa = PBXBuildFile; fileRef = F915279C28AA2DE200B92788 /* SceneDelegate.swift */; };
		F91527A228AA2DE200B92788 /* Main.storyboard in Resources */ = {isa = PBXBuildFile; fileRef = F91527A028AA2DE200B92788 /* Main.storyboard */; };
		F91527A528AA2DE200B92788 /* RickAndMortyAPI.xcdatamodeld in Sources */ = {isa = PBXBuildFile; fileRef = F91527A328AA2DE200B92788 /* RickAndMortyAPI.xcdatamodeld */; };
		F91527A728AA2DE300B92788 /* Assets.xcassets in Resources */ = {isa = PBXBuildFile; fileRef = F91527A628AA2DE300B92788 /* Assets.xcassets */; };
		F91527AA28AA2DE300B92788 /* LaunchScreen.storyboard in Resources */ = {isa = PBXBuildFile; fileRef = F91527A828AA2DE300B92788 /* LaunchScreen.storyboard */; };
		F91527B228AA371C00B92788 /* CharactersVC.swift in Sources */ = {isa = PBXBuildFile; fileRef = F91527B128AA371C00B92788 /* CharactersVC.swift */; };
		F91527B828AA419300B92788 /* CharactersView.swift in Sources */ = {isa = PBXBuildFile; fileRef = F91527B728AA419300B92788 /* CharactersView.swift */; };
		F94AD8C628AA627D007CA1BA /* CellForCharacter.swift in Sources */ = {isa = PBXBuildFile; fileRef = F94AD8C528AA627D007CA1BA /* CellForCharacter.swift */; };
		F94AD8C828AA77FD007CA1BA /* NetworkManager.swift in Sources */ = {isa = PBXBuildFile; fileRef = F94AD8C728AA77FD007CA1BA /* NetworkManager.swift */; };
		F94AD8CA28AA7DF1007CA1BA /* CharactersJSON.swift in Sources */ = {isa = PBXBuildFile; fileRef = F94AD8C928AA7DF1007CA1BA /* CharactersJSON.swift */; };
		F94AD8CD28ABBF2B007CA1BA /* ImageDownloaded.swift in Sources */ = {isa = PBXBuildFile; fileRef = F94AD8CC28ABBF2B007CA1BA /* ImageDownloaded.swift */; };
		F94AD8CF28ABD47D007CA1BA /* PageOfCharacterView.swift in Sources */ = {isa = PBXBuildFile; fileRef = F94AD8CE28ABD47D007CA1BA /* PageOfCharacterView.swift */; };
		F94AD8D128ABD4D0007CA1BA /* PageOfCharacterVC.swift in Sources */ = {isa = PBXBuildFile; fileRef = F94AD8D028ABD4D0007CA1BA /* PageOfCharacterVC.swift */; };
		F94AD8D328AC2C9C007CA1BA /* CharactersInEpisodView.swift in Sources */ = {isa = PBXBuildFile; fileRef = F94AD8D228AC2C9C007CA1BA /* CharactersInEpisodView.swift */; };
		F94AD8D528AC2CF0007CA1BA /* CharactersInEpisodVC.swift in Sources */ = {isa = PBXBuildFile; fileRef = F94AD8D428AC2CF0007CA1BA /* CharactersInEpisodVC.swift */; };
		F94AD8D728AC2F39007CA1BA /* EpisodJSON.swift in Sources */ = {isa = PBXBuildFile; fileRef = F94AD8D628AC2F39007CA1BA /* EpisodJSON.swift */; };
/* End PBXBuildFile section */

/* Begin PBXFileReference section */
		129BD3F6A55D26EB3B03D3B6 /* Pods-RickAndMortyAPI.debug.xcconfig */ = {isa = PBXFileReference; includeInIndex = 1; lastKnownFileType = text.xcconfig; name = "Pods-RickAndMortyAPI.debug.xcconfig"; path = "Target Support Files/Pods-RickAndMortyAPI/Pods-RickAndMortyAPI.debug.xcconfig"; sourceTree = "<group>"; };
		3D13AA52AE99F22605779C10 /* Pods-RickAndMortyAPI.release.xcconfig */ = {isa = PBXFileReference; includeInIndex = 1; lastKnownFileType = text.xcconfig; name = "Pods-RickAndMortyAPI.release.xcconfig"; path = "Target Support Files/Pods-RickAndMortyAPI/Pods-RickAndMortyAPI.release.xcconfig"; sourceTree = "<group>"; };
		93C036F3E6EE2D2083588AB7 /* Pods_RickAndMortyAPI.framework */ = {isa = PBXFileReference; explicitFileType = wrapper.framework; includeInIndex = 0; path = Pods_RickAndMortyAPI.framework; sourceTree = BUILT_PRODUCTS_DIR; };
		F915279728AA2DE200B92788 /* RickAndMortyAPI.app */ = {isa = PBXFileReference; explicitFileType = wrapper.application; includeInIndex = 0; path = RickAndMortyAPI.app; sourceTree = BUILT_PRODUCTS_DIR; };
		F915279A28AA2DE200B92788 /* AppDelegate.swift */ = {isa = PBXFileReference; lastKnownFileType = sourcecode.swift; path = AppDelegate.swift; sourceTree = "<group>"; };
		F915279C28AA2DE200B92788 /* SceneDelegate.swift */ = {isa = PBXFileReference; lastKnownFileType = sourcecode.swift; path = SceneDelegate.swift; sourceTree = "<group>"; };
		F91527A128AA2DE200B92788 /* Base */ = {isa = PBXFileReference; lastKnownFileType = file.storyboard; name = Base; path = Base.lproj/Main.storyboard; sourceTree = "<group>"; };
		F91527A428AA2DE200B92788 /* RickAndMortyAPI.xcdatamodel */ = {isa = PBXFileReference; lastKnownFileType = wrapper.xcdatamodel; path = RickAndMortyAPI.xcdatamodel; sourceTree = "<group>"; };
		F91527A628AA2DE300B92788 /* Assets.xcassets */ = {isa = PBXFileReference; lastKnownFileType = folder.assetcatalog; path = Assets.xcassets; sourceTree = "<group>"; };
		F91527A928AA2DE300B92788 /* Base */ = {isa = PBXFileReference; lastKnownFileType = file.storyboard; name = Base; path = Base.lproj/LaunchScreen.storyboard; sourceTree = "<group>"; };
		F91527AB28AA2DE300B92788 /* Info.plist */ = {isa = PBXFileReference; lastKnownFileType = text.plist.xml; path = Info.plist; sourceTree = "<group>"; };
		F91527B128AA371C00B92788 /* CharactersVC.swift */ = {isa = PBXFileReference; lastKnownFileType = sourcecode.swift; path = CharactersVC.swift; sourceTree = "<group>"; };
		F91527B728AA419300B92788 /* CharactersView.swift */ = {isa = PBXFileReference; lastKnownFileType = sourcecode.swift; path = CharactersView.swift; sourceTree = "<group>"; };
		F94AD8C528AA627D007CA1BA /* CellForCharacter.swift */ = {isa = PBXFileReference; lastKnownFileType = sourcecode.swift; path = CellForCharacter.swift; sourceTree = "<group>"; };
		F94AD8C728AA77FD007CA1BA /* NetworkManager.swift */ = {isa = PBXFileReference; lastKnownFileType = sourcecode.swift; path = NetworkManager.swift; sourceTree = "<group>"; };
		F94AD8C928AA7DF1007CA1BA /* CharactersJSON.swift */ = {isa = PBXFileReference; lastKnownFileType = sourcecode.swift; path = CharactersJSON.swift; sourceTree = "<group>"; };
		F94AD8CC28ABBF2B007CA1BA /* ImageDownloaded.swift */ = {isa = PBXFileReference; lastKnownFileType = sourcecode.swift; path = ImageDownloaded.swift; sourceTree = "<group>"; };
		F94AD8CE28ABD47D007CA1BA /* PageOfCharacterView.swift */ = {isa = PBXFileReference; lastKnownFileType = sourcecode.swift; path = PageOfCharacterView.swift; sourceTree = "<group>"; };
		F94AD8D028ABD4D0007CA1BA /* PageOfCharacterVC.swift */ = {isa = PBXFileReference; lastKnownFileType = sourcecode.swift; path = PageOfCharacterVC.swift; sourceTree = "<group>"; };
		F94AD8D228AC2C9C007CA1BA /* CharactersInEpisodView.swift */ = {isa = PBXFileReference; lastKnownFileType = sourcecode.swift; path = CharactersInEpisodView.swift; sourceTree = "<group>"; };
		F94AD8D428AC2CF0007CA1BA /* CharactersInEpisodVC.swift */ = {isa = PBXFileReference; lastKnownFileType = sourcecode.swift; path = CharactersInEpisodVC.swift; sourceTree = "<group>"; };
		F94AD8D628AC2F39007CA1BA /* EpisodJSON.swift */ = {isa = PBXFileReference; lastKnownFileType = sourcecode.swift; path = EpisodJSON.swift; sourceTree = "<group>"; };
/* End PBXFileReference section */

/* Begin PBXFrameworksBuildPhase section */
		F915279428AA2DE200B92788 /* Frameworks */ = {
			isa = PBXFrameworksBuildPhase;
			buildActionMask = 2147483647;
			files = (
				9C14A8783CE201722FBD50BF /* Pods_RickAndMortyAPI.framework in Frameworks */,
			);
			runOnlyForDeploymentPostprocessing = 0;
		};
/* End PBXFrameworksBuildPhase section */

/* Begin PBXGroup section */
		34844DFCE1F4F063D883565A /* Frameworks */ = {
			isa = PBXGroup;
			children = (
				93C036F3E6EE2D2083588AB7 /* Pods_RickAndMortyAPI.framework */,
			);
			name = Frameworks;
			sourceTree = "<group>";
		};
		A99CAE416C49FCAC9FF357AD /* Pods */ = {
			isa = PBXGroup;
			children = (
				129BD3F6A55D26EB3B03D3B6 /* Pods-RickAndMortyAPI.debug.xcconfig */,
				3D13AA52AE99F22605779C10 /* Pods-RickAndMortyAPI.release.xcconfig */,
			);
			path = Pods;
			sourceTree = "<group>";
		};
		F915278E28AA2DE200B92788 = {
			isa = PBXGroup;
			children = (
				F915279928AA2DE200B92788 /* RickAndMortyAPI */,
				F915279828AA2DE200B92788 /* Products */,
				A99CAE416C49FCAC9FF357AD /* Pods */,
				34844DFCE1F4F063D883565A /* Frameworks */,
			);
			sourceTree = "<group>";
		};
		F915279828AA2DE200B92788 /* Products */ = {
			isa = PBXGroup;
			children = (
				F915279728AA2DE200B92788 /* RickAndMortyAPI.app */,
			);
			name = Products;
			sourceTree = "<group>";
		};
		F915279928AA2DE200B92788 /* RickAndMortyAPI */ = {
			isa = PBXGroup;
			children = (
				F91527B628AA416700B92788 /* Source */,
				F94AD8CB28ABBF13007CA1BA /* Extensions */,
				F91527B428AA413800B92788 /* Models */,
				F91527B528AA414000B92788 /* Views */,
				F91527B328AA412A00B92788 /* Controllers */,
				F91527A628AA2DE300B92788 /* Assets.xcassets */,
				F91527AB28AA2DE300B92788 /* Info.plist */,
				F91527A328AA2DE200B92788 /* RickAndMortyAPI.xcdatamodeld */,
			);
			path = RickAndMortyAPI;
			sourceTree = "<group>";
		};
		F91527B328AA412A00B92788 /* Controllers */ = {
			isa = PBXGroup;
			children = (
				F91527B128AA371C00B92788 /* CharactersVC.swift */,
				F94AD8D028ABD4D0007CA1BA /* PageOfCharacterVC.swift */,
				F94AD8D428AC2CF0007CA1BA /* CharactersInEpisodVC.swift */,
			);
			path = Controllers;
			sourceTree = "<group>";
		};
		F91527B428AA413800B92788 /* Models */ = {
			isa = PBXGroup;
			children = (
				F94AD8C728AA77FD007CA1BA /* NetworkManager.swift */,
				F94AD8C928AA7DF1007CA1BA /* CharactersJSON.swift */,
				F94AD8D628AC2F39007CA1BA /* EpisodJSON.swift */,
			);
			path = Models;
			sourceTree = "<group>";
		};
		F91527B528AA414000B92788 /* Views */ = {
			isa = PBXGroup;
			children = (
				F91527B728AA419300B92788 /* CharactersView.swift */,
				F94AD8C528AA627D007CA1BA /* CellForCharacter.swift */,
				F94AD8CE28ABD47D007CA1BA /* PageOfCharacterView.swift */,
				F94AD8D228AC2C9C007CA1BA /* CharactersInEpisodView.swift */,
			);
			path = Views;
			sourceTree = "<group>";
		};
		F91527B628AA416700B92788 /* Source */ = {
			isa = PBXGroup;
			children = (
				F915279A28AA2DE200B92788 /* AppDelegate.swift */,
				F915279C28AA2DE200B92788 /* SceneDelegate.swift */,
				F91527A028AA2DE200B92788 /* Main.storyboard */,
				F91527A828AA2DE300B92788 /* LaunchScreen.storyboard */,
			);
			path = Source;
			sourceTree = "<group>";
		};
		F94AD8CB28ABBF13007CA1BA /* Extensions */ = {
			isa = PBXGroup;
			children = (
				F94AD8CC28ABBF2B007CA1BA /* ImageDownloaded.swift */,
			);
			path = Extensions;
			sourceTree = "<group>";
		};
/* End PBXGroup section */

/* Begin PBXNativeTarget section */
		F915279628AA2DE200B92788 /* RickAndMortyAPI */ = {
			isa = PBXNativeTarget;
			buildConfigurationList = F91527AE28AA2DE300B92788 /* Build configuration list for PBXNativeTarget "RickAndMortyAPI" */;
			buildPhases = (
				F3EE90AE72DF4D4136A90F9D /* [CP] Check Pods Manifest.lock */,
				F915279328AA2DE200B92788 /* Sources */,
				F915279428AA2DE200B92788 /* Frameworks */,
				F915279528AA2DE200B92788 /* Resources */,
				A10471DED0D1028682D1054A /* [CP] Embed Pods Frameworks */,
			);
			buildRules = (
			);
			dependencies = (
			);
			name = RickAndMortyAPI;
			productName = RickAndMortyAPI;
			productReference = F915279728AA2DE200B92788 /* RickAndMortyAPI.app */;
			productType = "com.apple.product-type.application";
		};
/* End PBXNativeTarget section */

/* Begin PBXProject section */
		F915278F28AA2DE200B92788 /* Project object */ = {
			isa = PBXProject;
			attributes = {
				BuildIndependentTargetsInParallel = 1;
				LastSwiftUpdateCheck = 1340;
				LastUpgradeCheck = 1340;
				TargetAttributes = {
					F915279628AA2DE200B92788 = {
						CreatedOnToolsVersion = 13.4.1;
					};
				};
			};
			buildConfigurationList = F915279228AA2DE200B92788 /* Build configuration list for PBXProject "RickAndMortyAPI" */;
			compatibilityVersion = "Xcode 13.0";
			developmentRegion = en;
			hasScannedForEncodings = 0;
			knownRegions = (
				en,
				Base,
			);
			mainGroup = F915278E28AA2DE200B92788;
			productRefGroup = F915279828AA2DE200B92788 /* Products */;
			projectDirPath = "";
			projectRoot = "";
			targets = (
				F915279628AA2DE200B92788 /* RickAndMortyAPI */,
			);
		};
/* End PBXProject section */

/* Begin PBXResourcesBuildPhase section */
		F915279528AA2DE200B92788 /* Resources */ = {
			isa = PBXResourcesBuildPhase;
			buildActionMask = 2147483647;
			files = (
				F91527AA28AA2DE300B92788 /* LaunchScreen.storyboard in Resources */,
				F91527A728AA2DE300B92788 /* Assets.xcassets in Resources */,
				F91527A228AA2DE200B92788 /* Main.storyboard in Resources */,
			);
			runOnlyForDeploymentPostprocessing = 0;
		};
/* End PBXResourcesBuildPhase section */

/* Begin PBXShellScriptBuildPhase section */
		A10471DED0D1028682D1054A /* [CP] Embed Pods Frameworks */ = {
			isa = PBXShellScriptBuildPhase;
			buildActionMask = 2147483647;
			files = (
			);
			inputFileListPaths = (
				"${PODS_ROOT}/Target Support Files/Pods-RickAndMortyAPI/Pods-RickAndMortyAPI-frameworks-${CONFIGURATION}-input-files.xcfilelist",
			);
			name = "[CP] Embed Pods Frameworks";
			outputFileListPaths = (
				"${PODS_ROOT}/Target Support Files/Pods-RickAndMortyAPI/Pods-RickAndMortyAPI-frameworks-${CONFIGURATION}-output-files.xcfilelist",
			);
			runOnlyForDeploymentPostprocessing = 0;
			shellPath = /bin/sh;
			shellScript = "\"${PODS_ROOT}/Target Support Files/Pods-RickAndMortyAPI/Pods-RickAndMortyAPI-frameworks.sh\"\n";
			showEnvVarsInLog = 0;
		};
		F3EE90AE72DF4D4136A90F9D /* [CP] Check Pods Manifest.lock */ = {
			isa = PBXShellScriptBuildPhase;
			buildActionMask = 2147483647;
			files = (
			);
			inputFileListPaths = (
			);
			inputPaths = (
				"${PODS_PODFILE_DIR_PATH}/Podfile.lock",
				"${PODS_ROOT}/Manifest.lock",
			);
			name = "[CP] Check Pods Manifest.lock";
			outputFileListPaths = (
			);
			outputPaths = (
				"$(DERIVED_FILE_DIR)/Pods-RickAndMortyAPI-checkManifestLockResult.txt",
			);
			runOnlyForDeploymentPostprocessing = 0;
			shellPath = /bin/sh;
			shellScript = "diff \"${PODS_PODFILE_DIR_PATH}/Podfile.lock\" \"${PODS_ROOT}/Manifest.lock\" > /dev/null\nif [ $? != 0 ] ; then\n    # print error to STDERR\n    echo \"error: The sandbox is not in sync with the Podfile.lock. Run 'pod install' or update your CocoaPods installation.\" >&2\n    exit 1\nfi\n# This output is used by Xcode 'outputs' to avoid re-running this script phase.\necho \"SUCCESS\" > \"${SCRIPT_OUTPUT_FILE_0}\"\n";
			showEnvVarsInLog = 0;
		};
/* End PBXShellScriptBuildPhase section */

/* Begin PBXSourcesBuildPhase section */
		F915279328AA2DE200B92788 /* Sources */ = {
			isa = PBXSourcesBuildPhase;
			buildActionMask = 2147483647;
			files = (
				F91527B228AA371C00B92788 /* CharactersVC.swift in Sources */,
				F94AD8C828AA77FD007CA1BA /* NetworkManager.swift in Sources */,
				F94AD8CD28ABBF2B007CA1BA /* ImageDownloaded.swift in Sources */,
				F94AD8C628AA627D007CA1BA /* CellForCharacter.swift in Sources */,
				F94AD8CA28AA7DF1007CA1BA /* CharactersJSON.swift in Sources */,
				F91527B828AA419300B92788 /* CharactersView.swift in Sources */,
				F91527A528AA2DE200B92788 /* RickAndMortyAPI.xcdatamodeld in Sources */,
				F915279B28AA2DE200B92788 /* AppDelegate.swift in Sources */,
				F915279D28AA2DE200B92788 /* SceneDelegate.swift in Sources */,
				F94AD8D128ABD4D0007CA1BA /* PageOfCharacterVC.swift in Sources */,
				F94AD8D328AC2C9C007CA1BA /* CharactersInEpisodView.swift in Sources */,
				F94AD8CF28ABD47D007CA1BA /* PageOfCharacterView.swift in Sources */,
				F94AD8D528AC2CF0007CA1BA /* CharactersInEpisodVC.swift in Sources */,
				F94AD8D728AC2F39007CA1BA /* EpisodJSON.swift in Sources */,
			);
			runOnlyForDeploymentPostprocessing = 0;
		};
/* End PBXSourcesBuildPhase section */

/* Begin PBXVariantGroup section */
		F91527A028AA2DE200B92788 /* Main.storyboard */ = {
			isa = PBXVariantGroup;
			children = (
				F91527A128AA2DE200B92788 /* Base */,
			);
			name = Main.storyboard;
			sourceTree = "<group>";
		};
		F91527A828AA2DE300B92788 /* LaunchScreen.storyboard */ = {
			isa = PBXVariantGroup;
			children = (
				F91527A928AA2DE300B92788 /* Base */,
			);
			name = LaunchScreen.storyboard;
			sourceTree = "<group>";
		};
/* End PBXVariantGroup section */

/* Begin XCBuildConfiguration section */
		F91527AC28AA2DE300B92788 /* Debug */ = {
			isa = XCBuildConfiguration;
			buildSettings = {
				ALWAYS_SEARCH_USER_PATHS = NO;
				CLANG_ANALYZER_NONNULL = YES;
				CLANG_ANALYZER_NUMBER_OBJECT_CONVERSION = YES_AGGRESSIVE;
				CLANG_CXX_LANGUAGE_STANDARD = "gnu++17";
				CLANG_ENABLE_MODULES = YES;
				CLANG_ENABLE_OBJC_ARC = YES;
				CLANG_ENABLE_OBJC_WEAK = YES;
				CLANG_WARN_BLOCK_CAPTURE_AUTORELEASING = YES;
				CLANG_WARN_BOOL_CONVERSION = YES;
				CLANG_WARN_COMMA = YES;
				CLANG_WARN_CONSTANT_CONVERSION = YES;
				CLANG_WARN_DEPRECATED_OBJC_IMPLEMENTATIONS = YES;
				CLANG_WARN_DIRECT_OBJC_ISA_USAGE = YES_ERROR;
				CLANG_WARN_DOCUMENTATION_COMMENTS = YES;
				CLANG_WARN_EMPTY_BODY = YES;
				CLANG_WARN_ENUM_CONVERSION = YES;
				CLANG_WARN_INFINITE_RECURSION = YES;
				CLANG_WARN_INT_CONVERSION = YES;
				CLANG_WARN_NON_LITERAL_NULL_CONVERSION = YES;
				CLANG_WARN_OBJC_IMPLICIT_RETAIN_SELF = YES;
				CLANG_WARN_OBJC_LITERAL_CONVERSION = YES;
				CLANG_WARN_OBJC_ROOT_CLASS = YES_ERROR;
				CLANG_WARN_QUOTED_INCLUDE_IN_FRAMEWORK_HEADER = YES;
				CLANG_WARN_RANGE_LOOP_ANALYSIS = YES;
				CLANG_WARN_STRICT_PROTOTYPES = YES;
				CLANG_WARN_SUSPICIOUS_MOVE = YES;
				CLANG_WARN_UNGUARDED_AVAILABILITY = YES_AGGRESSIVE;
				CLANG_WARN_UNREACHABLE_CODE = YES;
				CLANG_WARN__DUPLICATE_METHOD_MATCH = YES;
				COPY_PHASE_STRIP = NO;
				DEBUG_INFORMATION_FORMAT = dwarf;
				ENABLE_STRICT_OBJC_MSGSEND = YES;
				ENABLE_TESTABILITY = YES;
				GCC_C_LANGUAGE_STANDARD = gnu11;
				GCC_DYNAMIC_NO_PIC = NO;
				GCC_NO_COMMON_BLOCKS = YES;
				GCC_OPTIMIZATION_LEVEL = 0;
				GCC_PREPROCESSOR_DEFINITIONS = (
					"DEBUG=1",
					"$(inherited)",
				);
				GCC_WARN_64_TO_32_BIT_CONVERSION = YES;
				GCC_WARN_ABOUT_RETURN_TYPE = YES_ERROR;
				GCC_WARN_UNDECLARED_SELECTOR = YES;
				GCC_WARN_UNINITIALIZED_AUTOS = YES_AGGRESSIVE;
				GCC_WARN_UNUSED_FUNCTION = YES;
				GCC_WARN_UNUSED_VARIABLE = YES;
				IPHONEOS_DEPLOYMENT_TARGET = 15.5;
				MTL_ENABLE_DEBUG_INFO = INCLUDE_SOURCE;
				MTL_FAST_MATH = YES;
				ONLY_ACTIVE_ARCH = YES;
				SDKROOT = iphoneos;
				SWIFT_ACTIVE_COMPILATION_CONDITIONS = DEBUG;
				SWIFT_OPTIMIZATION_LEVEL = "-Onone";
			};
			name = Debug;
		};
		F91527AD28AA2DE300B92788 /* Release */ = {
			isa = XCBuildConfiguration;
			buildSettings = {
				ALWAYS_SEARCH_USER_PATHS = NO;
				CLANG_ANALYZER_NONNULL = YES;
				CLANG_ANALYZER_NUMBER_OBJECT_CONVERSION = YES_AGGRESSIVE;
				CLANG_CXX_LANGUAGE_STANDARD = "gnu++17";
				CLANG_ENABLE_MODULES = YES;
				CLANG_ENABLE_OBJC_ARC = YES;
				CLANG_ENABLE_OBJC_WEAK = YES;
				CLANG_WARN_BLOCK_CAPTURE_AUTORELEASING = YES;
				CLANG_WARN_BOOL_CONVERSION = YES;
				CLANG_WARN_COMMA = YES;
				CLANG_WARN_CONSTANT_CONVERSION = YES;
				CLANG_WARN_DEPRECATED_OBJC_IMPLEMENTATIONS = YES;
				CLANG_WARN_DIRECT_OBJC_ISA_USAGE = YES_ERROR;
				CLANG_WARN_DOCUMENTATION_COMMENTS = YES;
				CLANG_WARN_EMPTY_BODY = YES;
				CLANG_WARN_ENUM_CONVERSION = YES;
				CLANG_WARN_INFINITE_RECURSION = YES;
				CLANG_WARN_INT_CONVERSION = YES;
				CLANG_WARN_NON_LITERAL_NULL_CONVERSION = YES;
				CLANG_WARN_OBJC_IMPLICIT_RETAIN_SELF = YES;
				CLANG_WARN_OBJC_LITERAL_CONVERSION = YES;
				CLANG_WARN_OBJC_ROOT_CLASS = YES_ERROR;
				CLANG_WARN_QUOTED_INCLUDE_IN_FRAMEWORK_HEADER = YES;
				CLANG_WARN_RANGE_LOOP_ANALYSIS = YES;
				CLANG_WARN_STRICT_PROTOTYPES = YES;
				CLANG_WARN_SUSPICIOUS_MOVE = YES;
				CLANG_WARN_UNGUARDED_AVAILABILITY = YES_AGGRESSIVE;
				CLANG_WARN_UNREACHABLE_CODE = YES;
				CLANG_WARN__DUPLICATE_METHOD_MATCH = YES;
				COPY_PHASE_STRIP = NO;
				DEBUG_INFORMATION_FORMAT = "dwarf-with-dsym";
				ENABLE_NS_ASSERTIONS = NO;
				ENABLE_STRICT_OBJC_MSGSEND = YES;
				GCC_C_LANGUAGE_STANDARD = gnu11;
				GCC_NO_COMMON_BLOCKS = YES;
				GCC_WARN_64_TO_32_BIT_CONVERSION = YES;
				GCC_WARN_ABOUT_RETURN_TYPE = YES_ERROR;
				GCC_WARN_UNDECLARED_SELECTOR = YES;
				GCC_WARN_UNINITIALIZED_AUTOS = YES_AGGRESSIVE;
				GCC_WARN_UNUSED_FUNCTION = YES;
				GCC_WARN_UNUSED_VARIABLE = YES;
				IPHONEOS_DEPLOYMENT_TARGET = 15.5;
				MTL_ENABLE_DEBUG_INFO = NO;
				MTL_FAST_MATH = YES;
				SDKROOT = iphoneos;
				SWIFT_COMPILATION_MODE = wholemodule;
				SWIFT_OPTIMIZATION_LEVEL = "-O";
				VALIDATE_PRODUCT = YES;
			};
			name = Release;
		};
		F91527AF28AA2DE300B92788 /* Debug */ = {
			isa = XCBuildConfiguration;
			baseConfigurationReference = 129BD3F6A55D26EB3B03D3B6 /* Pods-RickAndMortyAPI.debug.xcconfig */;
			buildSettings = {
				ASSETCATALOG_COMPILER_APPICON_NAME = AppIcon;
				ASSETCATALOG_COMPILER_GLOBAL_ACCENT_COLOR_NAME = AccentColor;
				CODE_SIGN_STYLE = Automatic;
				CURRENT_PROJECT_VERSION = 1;
				DEVELOPMENT_TEAM = 3N8G2G522U;
				GENERATE_INFOPLIST_FILE = YES;
				INFOPLIST_FILE = RickAndMortyAPI/Info.plist;
				INFOPLIST_KEY_UIApplicationSupportsIndirectInputEvents = YES;
				INFOPLIST_KEY_UILaunchStoryboardName = LaunchScreen;
				INFOPLIST_KEY_UIMainStoryboardFile = Main;
				INFOPLIST_KEY_UISupportedInterfaceOrientations_iPad = "UIInterfaceOrientationPortrait UIInterfaceOrientationPortraitUpsideDown UIInterfaceOrientationLandscapeLeft UIInterfaceOrientationLandscapeRight";
				INFOPLIST_KEY_UISupportedInterfaceOrientations_iPhone = "UIInterfaceOrientationPortrait UIInterfaceOrientationLandscapeLeft UIInterfaceOrientationLandscapeRight";
				LD_RUNPATH_SEARCH_PATHS = (
					"$(inherited)",
					"@executable_path/Frameworks",
				);
				MARKETING_VERSION = 1.0;
				PRODUCT_BUNDLE_IDENTIFIER = iOliver.RickAndMortyAPI;
				PRODUCT_NAME = "$(TARGET_NAME)";
				SWIFT_EMIT_LOC_STRINGS = YES;
				SWIFT_VERSION = 5.0;
				TARGETED_DEVICE_FAMILY = "1,2";
			};
			name = Debug;
		};
		F91527B028AA2DE300B92788 /* Release */ = {
			isa = XCBuildConfiguration;
			baseConfigurationReference = 3D13AA52AE99F22605779C10 /* Pods-RickAndMortyAPI.release.xcconfig */;
			buildSettings = {
				ASSETCATALOG_COMPILER_APPICON_NAME = AppIcon;
				ASSETCATALOG_COMPILER_GLOBAL_ACCENT_COLOR_NAME = AccentColor;
				CODE_SIGN_STYLE = Automatic;
				CURRENT_PROJECT_VERSION = 1;
				DEVELOPMENT_TEAM = 3N8G2G522U;
				GENERATE_INFOPLIST_FILE = YES;
				INFOPLIST_FILE = RickAndMortyAPI/Info.plist;
				INFOPLIST_KEY_UIApplicationSupportsIndirectInputEvents = YES;
				INFOPLIST_KEY_UILaunchStoryboardName = LaunchScreen;
				INFOPLIST_KEY_UIMainStoryboardFile = Main;
				INFOPLIST_KEY_UISupportedInterfaceOrientations_iPad = "UIInterfaceOrientationPortrait UIInterfaceOrientationPortraitUpsideDown UIInterfaceOrientationLandscapeLeft UIInterfaceOrientationLandscapeRight";
				INFOPLIST_KEY_UISupportedInterfaceOrientations_iPhone = "UIInterfaceOrientationPortrait UIInterfaceOrientationLandscapeLeft UIInterfaceOrientationLandscapeRight";
				LD_RUNPATH_SEARCH_PATHS = (
					"$(inherited)",
					"@executable_path/Frameworks",
				);
				MARKETING_VERSION = 1.0;
				PRODUCT_BUNDLE_IDENTIFIER = iOliver.RickAndMortyAPI;
				PRODUCT_NAME = "$(TARGET_NAME)";
				SWIFT_EMIT_LOC_STRINGS = YES;
				SWIFT_VERSION = 5.0;
				TARGETED_DEVICE_FAMILY = "1,2";
			};
			name = Release;
		};
/* End XCBuildConfiguration section */

/* Begin XCConfigurationList section */
		F915279228AA2DE200B92788 /* Build configuration list for PBXProject "RickAndMortyAPI" */ = {
			isa = XCConfigurationList;
			buildConfigurations = (
				F91527AC28AA2DE300B92788 /* Debug */,
				F91527AD28AA2DE300B92788 /* Release */,
			);
			defaultConfigurationIsVisible = 0;
			defaultConfigurationName = Release;
		};
		F91527AE28AA2DE300B92788 /* Build configuration list for PBXNativeTarget "RickAndMortyAPI" */ = {
			isa = XCConfigurationList;
			buildConfigurations = (
				F91527AF28AA2DE300B92788 /* Debug */,
				F91527B028AA2DE300B92788 /* Release */,
			);
			defaultConfigurationIsVisible = 0;
			defaultConfigurationName = Release;
		};
/* End XCConfigurationList section */

/* Begin XCVersionGroup section */
		F91527A328AA2DE200B92788 /* RickAndMortyAPI.xcdatamodeld */ = {
			isa = XCVersionGroup;
			children = (
				F91527A428AA2DE200B92788 /* RickAndMortyAPI.xcdatamodel */,
			);
			currentVersion = F91527A428AA2DE200B92788 /* RickAndMortyAPI.xcdatamodel */;
			path = RickAndMortyAPI.xcdatamodeld;
			sourceTree = "<group>";
			versionGroupType = wrapper.xcdatamodel;
		};
/* End XCVersionGroup section */
	};
	rootObject = F915278F28AA2DE200B92788 /* Project object */;
}
